// !$*UTF8*$!
{
	archiveVersion = 1;
	classes = {
	};
	objectVersion = 56;
	objects = {

/* Begin PBXBuildFile section */
		2100AC1D2C9C554D005D7670 /* iOS_RealTime_Communication_PracticeApp.swift in Sources */ = {isa = PBXBuildFile; fileRef = 2100AC1C2C9C554D005D7670 /* iOS_RealTime_Communication_PracticeApp.swift */; };
		2100AC1F2C9C554D005D7670 /* ContentView.swift in Sources */ = {isa = PBXBuildFile; fileRef = 2100AC1E2C9C554D005D7670 /* ContentView.swift */; };
		2100AC212C9C5550005D7670 /* Assets.xcassets in Resources */ = {isa = PBXBuildFile; fileRef = 2100AC202C9C5550005D7670 /* Assets.xcassets */; };
		2100AC242C9C5550005D7670 /* Preview Assets.xcassets in Resources */ = {isa = PBXBuildFile; fileRef = 2100AC232C9C5550005D7670 /* Preview Assets.xcassets */; };
		2100AC302C9C82B4005D7670 /* DataTransfer.swift in Sources */ = {isa = PBXBuildFile; fileRef = 2100AC2F2C9C82B4005D7670 /* DataTransfer.swift */; };
		2100AC332C9C8443005D7670 /* Interfaces.swift in Sources */ = {isa = PBXBuildFile; fileRef = 2100AC322C9C8443005D7670 /* Interfaces.swift */; };
		2100AC372C9C84B5005D7670 /* ContentViewModel.swift in Sources */ = {isa = PBXBuildFile; fileRef = 2100AC362C9C84B5005D7670 /* ContentViewModel.swift */; };
		2100AC3A2C9C90B3005D7670 /* MessageSSEService.swift in Sources */ = {isa = PBXBuildFile; fileRef = 2100AC392C9C90B3005D7670 /* MessageSSEService.swift */; };
		2100AC3D2C9C9527005D7670 /* APIEndpoints.swift in Sources */ = {isa = PBXBuildFile; fileRef = 2100AC3C2C9C9527005D7670 /* APIEndpoints.swift */; };
		2100AC432C9F71B7005D7670 /* Notification+Name.swift in Sources */ = {isa = PBXBuildFile; fileRef = 2100AC422C9F71B7005D7670 /* Notification+Name.swift */; };
/* End PBXBuildFile section */

/* Begin PBXFileReference section */
		2100AC192C9C554D005D7670 /* iOS-RealTime-Communication-Practice.app */ = {isa = PBXFileReference; explicitFileType = wrapper.application; includeInIndex = 0; path = "iOS-RealTime-Communication-Practice.app"; sourceTree = BUILT_PRODUCTS_DIR; };
		2100AC1C2C9C554D005D7670 /* iOS_RealTime_Communication_PracticeApp.swift */ = {isa = PBXFileReference; lastKnownFileType = sourcecode.swift; path = iOS_RealTime_Communication_PracticeApp.swift; sourceTree = "<group>"; };
		2100AC1E2C9C554D005D7670 /* ContentView.swift */ = {isa = PBXFileReference; lastKnownFileType = sourcecode.swift; path = ContentView.swift; sourceTree = "<group>"; };
		2100AC202C9C5550005D7670 /* Assets.xcassets */ = {isa = PBXFileReference; lastKnownFileType = folder.assetcatalog; path = Assets.xcassets; sourceTree = "<group>"; };
		2100AC232C9C5550005D7670 /* Preview Assets.xcassets */ = {isa = PBXFileReference; lastKnownFileType = folder.assetcatalog; path = "Preview Assets.xcassets"; sourceTree = "<group>"; };
		2100AC2F2C9C82B4005D7670 /* DataTransfer.swift */ = {isa = PBXFileReference; lastKnownFileType = sourcecode.swift; path = DataTransfer.swift; sourceTree = "<group>"; };
		2100AC322C9C8443005D7670 /* Interfaces.swift */ = {isa = PBXFileReference; lastKnownFileType = sourcecode.swift; path = Interfaces.swift; sourceTree = "<group>"; };
		2100AC362C9C84B5005D7670 /* ContentViewModel.swift */ = {isa = PBXFileReference; lastKnownFileType = sourcecode.swift; path = ContentViewModel.swift; sourceTree = "<group>"; };
		2100AC392C9C90B3005D7670 /* MessageSSEService.swift */ = {isa = PBXFileReference; lastKnownFileType = sourcecode.swift; path = MessageSSEService.swift; sourceTree = "<group>"; };
		2100AC3C2C9C9527005D7670 /* APIEndpoints.swift */ = {isa = PBXFileReference; lastKnownFileType = sourcecode.swift; path = APIEndpoints.swift; sourceTree = "<group>"; };
		2100AC422C9F71B7005D7670 /* Notification+Name.swift */ = {isa = PBXFileReference; lastKnownFileType = sourcecode.swift; path = "Notification+Name.swift"; sourceTree = "<group>"; };
/* End PBXFileReference section */

/* Begin PBXFrameworksBuildPhase section */
		2100AC162C9C554D005D7670 /* Frameworks */ = {
			isa = PBXFrameworksBuildPhase;
			buildActionMask = 2147483647;
			files = (
			);
			runOnlyForDeploymentPostprocessing = 0;
		};
/* End PBXFrameworksBuildPhase section */

/* Begin PBXGroup section */
		2100AC102C9C554D005D7670 = {
			isa = PBXGroup;
			children = (
				2100AC1B2C9C554D005D7670 /* iOS-RealTime-Communication-Practice */,
				2100AC1A2C9C554D005D7670 /* Products */,
			);
			sourceTree = "<group>";
		};
		2100AC1A2C9C554D005D7670 /* Products */ = {
			isa = PBXGroup;
			children = (
				2100AC192C9C554D005D7670 /* iOS-RealTime-Communication-Practice.app */,
			);
			name = Products;
			sourceTree = "<group>";
		};
		2100AC1B2C9C554D005D7670 /* iOS-RealTime-Communication-Practice */ = {
			isa = PBXGroup;
			children = (
				2100AC202C9C5550005D7670 /* Assets.xcassets */,
				2100AC412C9F71AD005D7670 /* Common */,
				2100AC3B2C9C951C005D7670 /* APIEndpoints */,
				2100AC2E2C9C8294005D7670 /* Infrastructure */,
				2100AC1C2C9C554D005D7670 /* iOS_RealTime_Communication_PracticeApp.swift */,
				2100AC222C9C5550005D7670 /* Preview Content */,
				2100AC342C9C849E005D7670 /* Presentation */,
				2100AC382C9C908B005D7670 /* Services */,
			);
			path = "iOS-RealTime-Communication-Practice";
			sourceTree = "<group>";
		};
		2100AC222C9C5550005D7670 /* Preview Content */ = {
			isa = PBXGroup;
			children = (
				2100AC232C9C5550005D7670 /* Preview Assets.xcassets */,
			);
			path = "Preview Content";
			sourceTree = "<group>";
		};
		2100AC2E2C9C8294005D7670 /* Infrastructure */ = {
			isa = PBXGroup;
			children = (
				2100AC312C9C8431005D7670 /* Interface */,
				2100AC2F2C9C82B4005D7670 /* DataTransfer.swift */,
			);
			path = Infrastructure;
			sourceTree = "<group>";
		};
		2100AC312C9C8431005D7670 /* Interface */ = {
			isa = PBXGroup;
			children = (
				2100AC322C9C8443005D7670 /* Interfaces.swift */,
			);
			path = Interface;
			sourceTree = "<group>";
		};
		2100AC342C9C849E005D7670 /* Presentation */ = {
			isa = PBXGroup;
			children = (
				2100AC1E2C9C554D005D7670 /* ContentView.swift */,
				2100AC362C9C84B5005D7670 /* ContentViewModel.swift */,
			);
			path = Presentation;
			sourceTree = "<group>";
		};
		2100AC382C9C908B005D7670 /* Services */ = {
			isa = PBXGroup;
			children = (
				2100AC392C9C90B3005D7670 /* MessageSSEService.swift */,
			);
			path = Services;
			sourceTree = "<group>";
		};
		2100AC3B2C9C951C005D7670 /* APIEndpoints */ = {
			isa = PBXGroup;
			children = (
				2100AC3C2C9C9527005D7670 /* APIEndpoints.swift */,
			);
			path = APIEndpoints;
			sourceTree = "<group>";
		};
		2100AC412C9F71AD005D7670 /* Common */ = {
			isa = PBXGroup;
			children = (
				2100AC422C9F71B7005D7670 /* Notification+Name.swift */,
			);
			path = Common;
			sourceTree = "<group>";
		};
/* End PBXGroup section */

/* Begin PBXNativeTarget section */
		2100AC182C9C554D005D7670 /* iOS-RealTime-Communication-Practice */ = {
			isa = PBXNativeTarget;
			buildConfigurationList = 2100AC272C9C5550005D7670 /* Build configuration list for PBXNativeTarget "iOS-RealTime-Communication-Practice" */;
			buildPhases = (
				2100AC152C9C554D005D7670 /* Sources */,
				2100AC162C9C554D005D7670 /* Frameworks */,
				2100AC172C9C554D005D7670 /* Resources */,
			);
			buildRules = (
			);
			dependencies = (
			);
			name = "iOS-RealTime-Communication-Practice";
			productName = "iOS-RealTime-Communication-Practice";
			productReference = 2100AC192C9C554D005D7670 /* iOS-RealTime-Communication-Practice.app */;
			productType = "com.apple.product-type.application";
		};
/* End PBXNativeTarget section */

/* Begin PBXProject section */
		2100AC112C9C554D005D7670 /* Project object */ = {
			isa = PBXProject;
			attributes = {
				BuildIndependentTargetsInParallel = 1;
				LastSwiftUpdateCheck = 1540;
				LastUpgradeCheck = 1540;
				TargetAttributes = {
					2100AC182C9C554D005D7670 = {
						CreatedOnToolsVersion = 15.4;
					};
				};
			};
			buildConfigurationList = 2100AC142C9C554D005D7670 /* Build configuration list for PBXProject "iOS-RealTime-Communication-Practice" */;
			compatibilityVersion = "Xcode 14.0";
			developmentRegion = en;
			hasScannedForEncodings = 0;
			knownRegions = (
				en,
				Base,
			);
			mainGroup = 2100AC102C9C554D005D7670;
			productRefGroup = 2100AC1A2C9C554D005D7670 /* Products */;
			projectDirPath = "";
			projectRoot = "";
			targets = (
				2100AC182C9C554D005D7670 /* iOS-RealTime-Communication-Practice */,
			);
		};
/* End PBXProject section */

/* Begin PBXResourcesBuildPhase section */
		2100AC172C9C554D005D7670 /* Resources */ = {
			isa = PBXResourcesBuildPhase;
			buildActionMask = 2147483647;
			files = (
				2100AC242C9C5550005D7670 /* Preview Assets.xcassets in Resources */,
				2100AC212C9C5550005D7670 /* Assets.xcassets in Resources */,
			);
			runOnlyForDeploymentPostprocessing = 0;
		};
/* End PBXResourcesBuildPhase section */

/* Begin PBXSourcesBuildPhase section */
		2100AC152C9C554D005D7670 /* Sources */ = {
			isa = PBXSourcesBuildPhase;
			buildActionMask = 2147483647;
			files = (
				2100AC1F2C9C554D005D7670 /* ContentView.swift in Sources */,
				2100AC3D2C9C9527005D7670 /* APIEndpoints.swift in Sources */,
				2100AC3A2C9C90B3005D7670 /* MessageSSEService.swift in Sources */,
				2100AC302C9C82B4005D7670 /* DataTransfer.swift in Sources */,
				2100AC1D2C9C554D005D7670 /* iOS_RealTime_Communication_PracticeApp.swift in Sources */,
				2100AC332C9C8443005D7670 /* Interfaces.swift in Sources */,
				2100AC372C9C84B5005D7670 /* ContentViewModel.swift in Sources */,
				2100AC432C9F71B7005D7670 /* Notification+Name.swift in Sources */,
			);
			runOnlyForDeploymentPostprocessing = 0;
		};
/* End PBXSourcesBuildPhase section */

/* Begin XCBuildConfiguration section */
		2100AC252C9C5550005D7670 /* Debug */ = {
			isa = XCBuildConfiguration;
			buildSettings = {
				ALWAYS_SEARCH_USER_PATHS = NO;
				ASSETCATALOG_COMPILER_GENERATE_SWIFT_ASSET_SYMBOL_EXTENSIONS = YES;
				CLANG_ANALYZER_NONNULL = YES;
				CLANG_ANALYZER_NUMBER_OBJECT_CONVERSION = YES_AGGRESSIVE;
				CLANG_CXX_LANGUAGE_STANDARD = "gnu++20";
				CLANG_ENABLE_MODULES = YES;
				CLANG_ENABLE_OBJC_ARC = YES;
				CLANG_ENABLE_OBJC_WEAK = YES;
				CLANG_WARN_BLOCK_CAPTURE_AUTORELEASING = YES;
				CLANG_WARN_BOOL_CONVERSION = YES;
				CLANG_WARN_COMMA = YES;
				CLANG_WARN_CONSTANT_CONVERSION = YES;
				CLANG_WARN_DEPRECATED_OBJC_IMPLEMENTATIONS = YES;
				CLANG_WARN_DIRECT_OBJC_ISA_USAGE = YES_ERROR;
				CLANG_WARN_DOCUMENTATION_COMMENTS = YES;
				CLANG_WARN_EMPTY_BODY = YES;
				CLANG_WARN_ENUM_CONVERSION = YES;
				CLANG_WARN_INFINITE_RECURSION = YES;
				CLANG_WARN_INT_CONVERSION = YES;
				CLANG_WARN_NON_LITERAL_NULL_CONVERSION = YES;
				CLANG_WARN_OBJC_IMPLICIT_RETAIN_SELF = YES;
				CLANG_WARN_OBJC_LITERAL_CONVERSION = YES;
				CLANG_WARN_OBJC_ROOT_CLASS = YES_ERROR;
				CLANG_WARN_QUOTED_INCLUDE_IN_FRAMEWORK_HEADER = YES;
				CLANG_WARN_RANGE_LOOP_ANALYSIS = YES;
				CLANG_WARN_STRICT_PROTOTYPES = YES;
				CLANG_WARN_SUSPICIOUS_MOVE = YES;
				CLANG_WARN_UNGUARDED_AVAILABILITY = YES_AGGRESSIVE;
				CLANG_WARN_UNREACHABLE_CODE = YES;
				CLANG_WARN__DUPLICATE_METHOD_MATCH = YES;
				COPY_PHASE_STRIP = NO;
				DEBUG_INFORMATION_FORMAT = dwarf;
				ENABLE_STRICT_OBJC_MSGSEND = YES;
				ENABLE_TESTABILITY = YES;
				ENABLE_USER_SCRIPT_SANDBOXING = YES;
				GCC_C_LANGUAGE_STANDARD = gnu17;
				GCC_DYNAMIC_NO_PIC = NO;
				GCC_NO_COMMON_BLOCKS = YES;
				GCC_OPTIMIZATION_LEVEL = 0;
				GCC_PREPROCESSOR_DEFINITIONS = (
					"DEBUG=1",
					"$(inherited)",
				);
				GCC_WARN_64_TO_32_BIT_CONVERSION = YES;
				GCC_WARN_ABOUT_RETURN_TYPE = YES_ERROR;
				GCC_WARN_UNDECLARED_SELECTOR = YES;
				GCC_WARN_UNINITIALIZED_AUTOS = YES_AGGRESSIVE;
				GCC_WARN_UNUSED_FUNCTION = YES;
				GCC_WARN_UNUSED_VARIABLE = YES;
				IPHONEOS_DEPLOYMENT_TARGET = 17.5;
				LOCALIZATION_PREFERS_STRING_CATALOGS = YES;
				MTL_ENABLE_DEBUG_INFO = INCLUDE_SOURCE;
				MTL_FAST_MATH = YES;
				ONLY_ACTIVE_ARCH = YES;
				SDKROOT = iphoneos;
				SWIFT_ACTIVE_COMPILATION_CONDITIONS = "DEBUG $(inherited)";
				SWIFT_OPTIMIZATION_LEVEL = "-Onone";
			};
			name = Debug;
		};
		2100AC262C9C5550005D7670 /* Release */ = {
			isa = XCBuildConfiguration;
			buildSettings = {
				ALWAYS_SEARCH_USER_PATHS = NO;
				ASSETCATALOG_COMPILER_GENERATE_SWIFT_ASSET_SYMBOL_EXTENSIONS = YES;
				CLANG_ANALYZER_NONNULL = YES;
				CLANG_ANALYZER_NUMBER_OBJECT_CONVERSION = YES_AGGRESSIVE;
				CLANG_CXX_LANGUAGE_STANDARD = "gnu++20";
				CLANG_ENABLE_MODULES = YES;
				CLANG_ENABLE_OBJC_ARC = YES;
				CLANG_ENABLE_OBJC_WEAK = YES;
				CLANG_WARN_BLOCK_CAPTURE_AUTORELEASING = YES;
				CLANG_WARN_BOOL_CONVERSION = YES;
				CLANG_WARN_COMMA = YES;
				CLANG_WARN_CONSTANT_CONVERSION = YES;
				CLANG_WARN_DEPRECATED_OBJC_IMPLEMENTATIONS = YES;
				CLANG_WARN_DIRECT_OBJC_ISA_USAGE = YES_ERROR;
				CLANG_WARN_DOCUMENTATION_COMMENTS = YES;
				CLANG_WARN_EMPTY_BODY = YES;
				CLANG_WARN_ENUM_CONVERSION = YES;
				CLANG_WARN_INFINITE_RECURSION = YES;
				CLANG_WARN_INT_CONVERSION = YES;
				CLANG_WARN_NON_LITERAL_NULL_CONVERSION = YES;
				CLANG_WARN_OBJC_IMPLICIT_RETAIN_SELF = YES;
				CLANG_WARN_OBJC_LITERAL_CONVERSION = YES;
				CLANG_WARN_OBJC_ROOT_CLASS = YES_ERROR;
				CLANG_WARN_QUOTED_INCLUDE_IN_FRAMEWORK_HEADER = YES;
				CLANG_WARN_RANGE_LOOP_ANALYSIS = YES;
				CLANG_WARN_STRICT_PROTOTYPES = YES;
				CLANG_WARN_SUSPICIOUS_MOVE = YES;
				CLANG_WARN_UNGUARDED_AVAILABILITY = YES_AGGRESSIVE;
				CLANG_WARN_UNREACHABLE_CODE = YES;
				CLANG_WARN__DUPLICATE_METHOD_MATCH = YES;
				COPY_PHASE_STRIP = NO;
				DEBUG_INFORMATION_FORMAT = "dwarf-with-dsym";
				ENABLE_NS_ASSERTIONS = NO;
				ENABLE_STRICT_OBJC_MSGSEND = YES;
				ENABLE_USER_SCRIPT_SANDBOXING = YES;
				GCC_C_LANGUAGE_STANDARD = gnu17;
				GCC_NO_COMMON_BLOCKS = YES;
				GCC_WARN_64_TO_32_BIT_CONVERSION = YES;
				GCC_WARN_ABOUT_RETURN_TYPE = YES_ERROR;
				GCC_WARN_UNDECLARED_SELECTOR = YES;
				GCC_WARN_UNINITIALIZED_AUTOS = YES_AGGRESSIVE;
				GCC_WARN_UNUSED_FUNCTION = YES;
				GCC_WARN_UNUSED_VARIABLE = YES;
				IPHONEOS_DEPLOYMENT_TARGET = 17.5;
				LOCALIZATION_PREFERS_STRING_CATALOGS = YES;
				MTL_ENABLE_DEBUG_INFO = NO;
				MTL_FAST_MATH = YES;
				SDKROOT = iphoneos;
				SWIFT_COMPILATION_MODE = wholemodule;
				VALIDATE_PRODUCT = YES;
			};
			name = Release;
		};
		2100AC282C9C5550005D7670 /* Debug */ = {
			isa = XCBuildConfiguration;
			buildSettings = {
				ASSETCATALOG_COMPILER_APPICON_NAME = AppIcon;
				ASSETCATALOG_COMPILER_GLOBAL_ACCENT_COLOR_NAME = AccentColor;
				CODE_SIGN_STYLE = Automatic;
				CURRENT_PROJECT_VERSION = 1;
				DEVELOPMENT_ASSET_PATHS = "\"iOS-RealTime-Communication-Practice/Preview Content\"";
				DEVELOPMENT_TEAM = V66T46872F;
				ENABLE_PREVIEWS = YES;
				GENERATE_INFOPLIST_FILE = YES;
				INFOPLIST_KEY_UIApplicationSceneManifest_Generation = YES;
				INFOPLIST_KEY_UIApplicationSupportsIndirectInputEvents = YES;
				INFOPLIST_KEY_UILaunchScreen_Generation = YES;
				INFOPLIST_KEY_UISupportedInterfaceOrientations_iPad = "UIInterfaceOrientationPortrait UIInterfaceOrientationPortraitUpsideDown UIInterfaceOrientationLandscapeLeft UIInterfaceOrientationLandscapeRight";
				INFOPLIST_KEY_UISupportedInterfaceOrientations_iPhone = "UIInterfaceOrientationPortrait UIInterfaceOrientationLandscapeLeft UIInterfaceOrientationLandscapeRight";
				LD_RUNPATH_SEARCH_PATHS = (
					"$(inherited)",
					"@executable_path/Frameworks",
				);
				MARKETING_VERSION = 1.0;
				PRODUCT_BUNDLE_IDENTIFIER = "owen.iOS-RealTime-Communication-Practice";
				PRODUCT_NAME = "$(TARGET_NAME)";
				SWIFT_EMIT_LOC_STRINGS = YES;
				SWIFT_VERSION = 5.0;
				TARGETED_DEVICE_FAMILY = "1,2";
			};
			name = Debug;
		};
		2100AC292C9C5550005D7670 /* Release */ = {
			isa = XCBuildConfiguration;
			buildSettings = {
				ASSETCATALOG_COMPILER_APPICON_NAME = AppIcon;
				ASSETCATALOG_COMPILER_GLOBAL_ACCENT_COLOR_NAME = AccentColor;
				CODE_SIGN_STYLE = Automatic;
				CURRENT_PROJECT_VERSION = 1;
				DEVELOPMENT_ASSET_PATHS = "\"iOS-RealTime-Communication-Practice/Preview Content\"";
				DEVELOPMENT_TEAM = V66T46872F;
				ENABLE_PREVIEWS = YES;
				GENERATE_INFOPLIST_FILE = YES;
				INFOPLIST_KEY_UIApplicationSceneManifest_Generation = YES;
				INFOPLIST_KEY_UIApplicationSupportsIndirectInputEvents = YES;
				INFOPLIST_KEY_UILaunchScreen_Generation = YES;
				INFOPLIST_KEY_UISupportedInterfaceOrientations_iPad = "UIInterfaceOrientationPortrait UIInterfaceOrientationPortraitUpsideDown UIInterfaceOrientationLandscapeLeft UIInterfaceOrientationLandscapeRight";
				INFOPLIST_KEY_UISupportedInterfaceOrientations_iPhone = "UIInterfaceOrientationPortrait UIInterfaceOrientationLandscapeLeft UIInterfaceOrientationLandscapeRight";
				LD_RUNPATH_SEARCH_PATHS = (
					"$(inherited)",
					"@executable_path/Frameworks",
				);
				MARKETING_VERSION = 1.0;
				PRODUCT_BUNDLE_IDENTIFIER = "owen.iOS-RealTime-Communication-Practice";
				PRODUCT_NAME = "$(TARGET_NAME)";
				SWIFT_EMIT_LOC_STRINGS = YES;
				SWIFT_VERSION = 5.0;
				TARGETED_DEVICE_FAMILY = "1,2";
			};
			name = Release;
		};
/* End XCBuildConfiguration section */

/* Begin XCConfigurationList section */
		2100AC142C9C554D005D7670 /* Build configuration list for PBXProject "iOS-RealTime-Communication-Practice" */ = {
			isa = XCConfigurationList;
			buildConfigurations = (
				2100AC252C9C5550005D7670 /* Debug */,
				2100AC262C9C5550005D7670 /* Release */,
			);
			defaultConfigurationIsVisible = 0;
			defaultConfigurationName = Release;
		};
		2100AC272C9C5550005D7670 /* Build configuration list for PBXNativeTarget "iOS-RealTime-Communication-Practice" */ = {
			isa = XCConfigurationList;
			buildConfigurations = (
				2100AC282C9C5550005D7670 /* Debug */,
				2100AC292C9C5550005D7670 /* Release */,
			);
			defaultConfigurationIsVisible = 0;
			defaultConfigurationName = Release;
		};
/* End XCConfigurationList section */
	};
	rootObject = 2100AC112C9C554D005D7670 /* Project object */;
}
